
Microsoft Visual Studio Solution File, Format Version 12.00
# Visual Studio Version 17
VisualStudioVersion = 17.5.33530.505
MinimumVisualStudioVersion = 10.0.40219.1
Project("{FAE04EC0-301F-11D3-BF4B-00C04F79EFBC}") = "area using delegates_17-04-23", "area using delegates_17-04-23.csproj", "{ED819C59-6F4A-4F80-BF43-853D4EABF3CD}"
EndProject
Global
	GlobalSection(SolutionConfigurationPlatforms) = preSolution
		Debug|Any CPU = Debug|Any CPU
		Release|Any CPU = Release|Any CPU
	EndGlobalSection
	GlobalSection(ProjectConfigurationPlatforms) = postSolution
		{ED819C59-6F4A-4F80-BF43-853D4EABF3CD}.Debug|Any CPU.ActiveCfg = Debug|Any CPU
		{ED819C59-6F4A-4F80-BF43-853D4EABF3CD}.Debug|Any CPU.Build.0 = Debug|Any CPU
		{ED819C59-6F4A-4F80-BF43-853D4EABF3CD}.Release|Any CPU.ActiveCfg = Release|Any CPU
		{ED819C59-6F4A-4F80-BF43-853D4EABF3CD}.Release|Any CPU.Build.0 = Release|Any CPU
	EndGlobalSection
	GlobalSection(SolutionProperties) = preSolution
		HideSolutionNode = FALSE
	EndGlobalSection
	GlobalSection(ExtensibilityGlobals) = postSolution
		SolutionGuid = {4E1E097F-6267-4A83-A6E7-118B95F08F98}
	EndGlobalSection
EndGlobal
